// !$*UTF8*$!
{
	archiveVersion = 1;
	classes = {
	};
	objectVersion = 56;
	objects = {

/* Begin PBXBuildFile section */
		210E27202C345AAA00189D83 /* TrackersHeaderReusableView.swift in Sources */ = {isa = PBXBuildFile; fileRef = 210E271F2C345AAA00189D83 /* TrackersHeaderReusableView.swift */; };
		210E27232C34687300189D83 /* CreateTrackerViewController.swift in Sources */ = {isa = PBXBuildFile; fileRef = 210E27222C34687300189D83 /* CreateTrackerViewController.swift */; };
		210E27262C348DFF00189D83 /* NewHabitViewController.swift in Sources */ = {isa = PBXBuildFile; fileRef = 210E27252C348DFF00189D83 /* NewHabitViewController.swift */; };
		210E27282C34A63700189D83 /* ScheduleViewController.swift in Sources */ = {isa = PBXBuildFile; fileRef = 210E27272C34A63700189D83 /* ScheduleViewController.swift */; };
		211C4B1F2C6CF0450022155F /* DaysValueTransformer.swift in Sources */ = {isa = PBXBuildFile; fileRef = 211C4B1C2C6CF0450022155F /* DaysValueTransformer.swift */; };
		211C4B202C6CF0450022155F /* UIColorMarshalling.swift in Sources */ = {isa = PBXBuildFile; fileRef = 211C4B1D2C6CF0450022155F /* UIColorMarshalling.swift */; };
		211C4B252C6CF4E40022155F /* TrackerStore.swift in Sources */ = {isa = PBXBuildFile; fileRef = 211C4B242C6CF4E40022155F /* TrackerStore.swift */; };
		211C4B272C6CF55F0022155F /* TrackerCategoryStore.swift in Sources */ = {isa = PBXBuildFile; fileRef = 211C4B262C6CF55F0022155F /* TrackerCategoryStore.swift */; };
		211C4B292C6CF6790022155F /* TrackerRecordStore.swift in Sources */ = {isa = PBXBuildFile; fileRef = 211C4B282C6CF6790022155F /* TrackerRecordStore.swift */; };
		218881212C2DCEEE0032D98E /* AppDelegate.swift in Sources */ = {isa = PBXBuildFile; fileRef = 218881202C2DCEEE0032D98E /* AppDelegate.swift */; };
		218881232C2DCEEE0032D98E /* SceneDelegate.swift in Sources */ = {isa = PBXBuildFile; fileRef = 218881222C2DCEEE0032D98E /* SceneDelegate.swift */; };
		218881252C2DCEEE0032D98E /* ViewController.swift in Sources */ = {isa = PBXBuildFile; fileRef = 218881242C2DCEEE0032D98E /* ViewController.swift */; };
		2188812B2C2DCEEE0032D98E /* Tracker.xcdatamodeld in Sources */ = {isa = PBXBuildFile; fileRef = 218881292C2DCEEE0032D98E /* Tracker.xcdatamodeld */; };
		2188812D2C2DCEEF0032D98E /* Assets.xcassets in Resources */ = {isa = PBXBuildFile; fileRef = 2188812C2C2DCEEF0032D98E /* Assets.xcassets */; };
		218881302C2DCEEF0032D98E /* Base in Resources */ = {isa = PBXBuildFile; fileRef = 2188812F2C2DCEEF0032D98E /* Base */; };
		2188813B2C2DCEEF0032D98E /* TrackerTests.swift in Sources */ = {isa = PBXBuildFile; fileRef = 2188813A2C2DCEEF0032D98E /* TrackerTests.swift */; };
		218881452C2DCEEF0032D98E /* TrackerUITests.swift in Sources */ = {isa = PBXBuildFile; fileRef = 218881442C2DCEEF0032D98E /* TrackerUITests.swift */; };
		218881472C2DCEEF0032D98E /* TrackerUITestsLaunchTests.swift in Sources */ = {isa = PBXBuildFile; fileRef = 218881462C2DCEEF0032D98E /* TrackerUITestsLaunchTests.swift */; };
		218881592C2DEC460032D98E /* TrackerViewController.swift in Sources */ = {isa = PBXBuildFile; fileRef = 218881582C2DEC450032D98E /* TrackerViewController.swift */; };
		2188815C2C2DEC580032D98E /* StatsViewController.swift in Sources */ = {isa = PBXBuildFile; fileRef = 2188815B2C2DEC580032D98E /* StatsViewController.swift */; };
		218DC62D2C6F997300603787 /* CoreDataModel.xcdatamodeld in Sources */ = {isa = PBXBuildFile; fileRef = 218DC62B2C6F997300603787 /* CoreDataModel.xcdatamodeld */; };
		218DC6522C74B42800603787 /* OnboardingViewController.swift in Sources */ = {isa = PBXBuildFile; fileRef = 218DC6512C74B42800603787 /* OnboardingViewController.swift */; };
		218DC6542C74B49300603787 /* RedPadeViewController.swift in Sources */ = {isa = PBXBuildFile; fileRef = 218DC6532C74B49300603787 /* RedPadeViewController.swift */; };
		218DC6562C74B4A300603787 /* BluePageViewController.swift in Sources */ = {isa = PBXBuildFile; fileRef = 218DC6552C74B4A300603787 /* BluePageViewController.swift */; };
		218DC6592C760A0400603787 /* TabBarViewController.swift in Sources */ = {isa = PBXBuildFile; fileRef = 218DC6582C760A0400603787 /* TabBarViewController.swift */; };
		219AB67A2C36B1CE00F0B613 /* CreateNewIrregularEventViewController.swift in Sources */ = {isa = PBXBuildFile; fileRef = 219AB6792C36B1CE00F0B613 /* CreateNewIrregularEventViewController.swift */; };
		219AB67C2C37EC3400F0B613 /* NewHabitVC.swift in Sources */ = {isa = PBXBuildFile; fileRef = 219AB67B2C37EC3400F0B613 /* NewHabitVC.swift */; };
		219AB67F2C37ECBC00F0B613 /* EmojiCell.swift in Sources */ = {isa = PBXBuildFile; fileRef = 219AB67E2C37ECBC00F0B613 /* EmojiCell.swift */; };
		21EDAB592C2DFF4D00C2CD21 /* YS Display-Bold.ttf in Resources */ = {isa = PBXBuildFile; fileRef = 21EDAB562C2DFF4D00C2CD21 /* YS Display-Bold.ttf */; };
		21EDAB5A2C2DFF4D00C2CD21 /* YS Display-Medium.ttf in Resources */ = {isa = PBXBuildFile; fileRef = 21EDAB572C2DFF4D00C2CD21 /* YS Display-Medium.ttf */; };
		21EDAB5C2C2E05EE00C2CD21 /* TrackerNavBarController.swift in Sources */ = {isa = PBXBuildFile; fileRef = 21EDAB5B2C2E05EE00C2CD21 /* TrackerNavBarController.swift */; };
		21EDABA22C30428B00C2CD21 /* Tracker.swift in Sources */ = {isa = PBXBuildFile; fileRef = 21EDABA12C30428B00C2CD21 /* Tracker.swift */; };
		21EDABA42C3042A700C2CD21 /* TrackerCategory.swift in Sources */ = {isa = PBXBuildFile; fileRef = 21EDABA32C3042A700C2CD21 /* TrackerCategory.swift */; };
		21EDABA62C3042B000C2CD21 /* TrackerRecord.swift in Sources */ = {isa = PBXBuildFile; fileRef = 21EDABA52C3042B000C2CD21 /* TrackerRecord.swift */; };
		21FA630E2C31874600099541 /* TrackerCollectionViewCell.swift in Sources */ = {isa = PBXBuildFile; fileRef = 21FA630D2C31874600099541 /* TrackerCollectionViewCell.swift */; };
/* End PBXBuildFile section */

/* Begin PBXContainerItemProxy section */
		218881372C2DCEEF0032D98E /* PBXContainerItemProxy */ = {
			isa = PBXContainerItemProxy;
			containerPortal = 218881152C2DCEEE0032D98E /* Project object */;
			proxyType = 1;
			remoteGlobalIDString = 2188811C2C2DCEEE0032D98E;
			remoteInfo = Tracker;
		};
		218881412C2DCEEF0032D98E /* PBXContainerItemProxy */ = {
			isa = PBXContainerItemProxy;
			containerPortal = 218881152C2DCEEE0032D98E /* Project object */;
			proxyType = 1;
			remoteGlobalIDString = 2188811C2C2DCEEE0032D98E;
			remoteInfo = Tracker;
		};
/* End PBXContainerItemProxy section */

/* Begin PBXFileReference section */
		210E271F2C345AAA00189D83 /* TrackersHeaderReusableView.swift */ = {isa = PBXFileReference; lastKnownFileType = sourcecode.swift; path = TrackersHeaderReusableView.swift; sourceTree = "<group>"; };
		210E27222C34687300189D83 /* CreateTrackerViewController.swift */ = {isa = PBXFileReference; lastKnownFileType = sourcecode.swift; path = CreateTrackerViewController.swift; sourceTree = "<group>"; };
		210E27252C348DFF00189D83 /* NewHabitViewController.swift */ = {isa = PBXFileReference; lastKnownFileType = sourcecode.swift; path = NewHabitViewController.swift; sourceTree = "<group>"; };
		210E27272C34A63700189D83 /* ScheduleViewController.swift */ = {isa = PBXFileReference; lastKnownFileType = sourcecode.swift; path = ScheduleViewController.swift; sourceTree = "<group>"; };
		211C4B1C2C6CF0450022155F /* DaysValueTransformer.swift */ = {isa = PBXFileReference; fileEncoding = 4; lastKnownFileType = sourcecode.swift; path = DaysValueTransformer.swift; sourceTree = "<group>"; };
		211C4B1D2C6CF0450022155F /* UIColorMarshalling.swift */ = {isa = PBXFileReference; fileEncoding = 4; lastKnownFileType = sourcecode.swift; path = UIColorMarshalling.swift; sourceTree = "<group>"; };
		211C4B242C6CF4E40022155F /* TrackerStore.swift */ = {isa = PBXFileReference; lastKnownFileType = sourcecode.swift; path = TrackerStore.swift; sourceTree = "<group>"; };
		211C4B262C6CF55F0022155F /* TrackerCategoryStore.swift */ = {isa = PBXFileReference; lastKnownFileType = sourcecode.swift; path = TrackerCategoryStore.swift; sourceTree = "<group>"; };
		211C4B282C6CF6790022155F /* TrackerRecordStore.swift */ = {isa = PBXFileReference; lastKnownFileType = sourcecode.swift; path = TrackerRecordStore.swift; sourceTree = "<group>"; };
		2188811D2C2DCEEE0032D98E /* Tracker.app */ = {isa = PBXFileReference; explicitFileType = wrapper.application; includeInIndex = 0; path = Tracker.app; sourceTree = BUILT_PRODUCTS_DIR; };
		218881202C2DCEEE0032D98E /* AppDelegate.swift */ = {isa = PBXFileReference; lastKnownFileType = sourcecode.swift; path = AppDelegate.swift; sourceTree = "<group>"; };
		218881222C2DCEEE0032D98E /* SceneDelegate.swift */ = {isa = PBXFileReference; lastKnownFileType = sourcecode.swift; path = SceneDelegate.swift; sourceTree = "<group>"; };
		218881242C2DCEEE0032D98E /* ViewController.swift */ = {isa = PBXFileReference; lastKnownFileType = sourcecode.swift; path = ViewController.swift; sourceTree = "<group>"; };
		2188812A2C2DCEEE0032D98E /* Tracker.xcdatamodel */ = {isa = PBXFileReference; lastKnownFileType = wrapper.xcdatamodel; path = Tracker.xcdatamodel; sourceTree = "<group>"; };
		2188812C2C2DCEEF0032D98E /* Assets.xcassets */ = {isa = PBXFileReference; lastKnownFileType = folder.assetcatalog; path = Assets.xcassets; sourceTree = "<group>"; };
		2188812F2C2DCEEF0032D98E /* Base */ = {isa = PBXFileReference; lastKnownFileType = file.storyboard; name = Base; path = Base.lproj/LaunchScreen.storyboard; sourceTree = "<group>"; };
		218881312C2DCEEF0032D98E /* Info.plist */ = {isa = PBXFileReference; lastKnownFileType = text.plist.xml; path = Info.plist; sourceTree = "<group>"; };
		218881362C2DCEEF0032D98E /* TrackerTests.xctest */ = {isa = PBXFileReference; explicitFileType = wrapper.cfbundle; includeInIndex = 0; path = TrackerTests.xctest; sourceTree = BUILT_PRODUCTS_DIR; };
		2188813A2C2DCEEF0032D98E /* TrackerTests.swift */ = {isa = PBXFileReference; lastKnownFileType = sourcecode.swift; path = TrackerTests.swift; sourceTree = "<group>"; };
		218881402C2DCEEF0032D98E /* TrackerUITests.xctest */ = {isa = PBXFileReference; explicitFileType = wrapper.cfbundle; includeInIndex = 0; path = TrackerUITests.xctest; sourceTree = BUILT_PRODUCTS_DIR; };
		218881442C2DCEEF0032D98E /* TrackerUITests.swift */ = {isa = PBXFileReference; lastKnownFileType = sourcecode.swift; path = TrackerUITests.swift; sourceTree = "<group>"; };
		218881462C2DCEEF0032D98E /* TrackerUITestsLaunchTests.swift */ = {isa = PBXFileReference; lastKnownFileType = sourcecode.swift; path = TrackerUITestsLaunchTests.swift; sourceTree = "<group>"; };
		218881582C2DEC450032D98E /* TrackerViewController.swift */ = {isa = PBXFileReference; lastKnownFileType = sourcecode.swift; path = TrackerViewController.swift; sourceTree = "<group>"; };
		2188815B2C2DEC580032D98E /* StatsViewController.swift */ = {isa = PBXFileReference; lastKnownFileType = sourcecode.swift; path = StatsViewController.swift; sourceTree = "<group>"; };
		218DC62C2C6F997300603787 /* CoreDataModel.xcdatamodel */ = {isa = PBXFileReference; lastKnownFileType = wrapper.xcdatamodel; path = CoreDataModel.xcdatamodel; sourceTree = "<group>"; };
		218DC6512C74B42800603787 /* OnboardingViewController.swift */ = {isa = PBXFileReference; lastKnownFileType = sourcecode.swift; path = OnboardingViewController.swift; sourceTree = "<group>"; };
		218DC6532C74B49300603787 /* RedPadeViewController.swift */ = {isa = PBXFileReference; lastKnownFileType = sourcecode.swift; path = RedPadeViewController.swift; sourceTree = "<group>"; };
		218DC6552C74B4A300603787 /* BluePageViewController.swift */ = {isa = PBXFileReference; lastKnownFileType = sourcecode.swift; path = BluePageViewController.swift; sourceTree = "<group>"; };
		218DC6582C760A0400603787 /* TabBarViewController.swift */ = {isa = PBXFileReference; lastKnownFileType = sourcecode.swift; path = TabBarViewController.swift; sourceTree = "<group>"; };
		219AB6792C36B1CE00F0B613 /* CreateNewIrregularEventViewController.swift */ = {isa = PBXFileReference; lastKnownFileType = sourcecode.swift; path = CreateNewIrregularEventViewController.swift; sourceTree = "<group>"; };
		219AB67B2C37EC3400F0B613 /* NewHabitVC.swift */ = {isa = PBXFileReference; lastKnownFileType = sourcecode.swift; path = NewHabitVC.swift; sourceTree = "<group>"; };
		219AB67E2C37ECBC00F0B613 /* EmojiCell.swift */ = {isa = PBXFileReference; lastKnownFileType = sourcecode.swift; path = EmojiCell.swift; sourceTree = "<group>"; };
		21EDAB562C2DFF4D00C2CD21 /* YS Display-Bold.ttf */ = {isa = PBXFileReference; lastKnownFileType = file; path = "YS Display-Bold.ttf"; sourceTree = "<group>"; };
		21EDAB572C2DFF4D00C2CD21 /* YS Display-Medium.ttf */ = {isa = PBXFileReference; lastKnownFileType = file; path = "YS Display-Medium.ttf"; sourceTree = "<group>"; };
		21EDAB5B2C2E05EE00C2CD21 /* TrackerNavBarController.swift */ = {isa = PBXFileReference; lastKnownFileType = sourcecode.swift; path = TrackerNavBarController.swift; sourceTree = "<group>"; };
		21EDABA12C30428B00C2CD21 /* Tracker.swift */ = {isa = PBXFileReference; lastKnownFileType = sourcecode.swift; path = Tracker.swift; sourceTree = "<group>"; };
		21EDABA32C3042A700C2CD21 /* TrackerCategory.swift */ = {isa = PBXFileReference; lastKnownFileType = sourcecode.swift; path = TrackerCategory.swift; sourceTree = "<group>"; };
		21EDABA52C3042B000C2CD21 /* TrackerRecord.swift */ = {isa = PBXFileReference; lastKnownFileType = sourcecode.swift; path = TrackerRecord.swift; sourceTree = "<group>"; };
		21FA630D2C31874600099541 /* TrackerCollectionViewCell.swift */ = {isa = PBXFileReference; lastKnownFileType = sourcecode.swift; path = TrackerCollectionViewCell.swift; sourceTree = "<group>"; };
/* End PBXFileReference section */

/* Begin PBXFrameworksBuildPhase section */
		2188811A2C2DCEEE0032D98E /* Frameworks */ = {
			isa = PBXFrameworksBuildPhase;
			buildActionMask = 2147483647;
			files = (
			);
			runOnlyForDeploymentPostprocessing = 0;
		};
		218881332C2DCEEF0032D98E /* Frameworks */ = {
			isa = PBXFrameworksBuildPhase;
			buildActionMask = 2147483647;
			files = (
			);
			runOnlyForDeploymentPostprocessing = 0;
		};
		2188813D2C2DCEEF0032D98E /* Frameworks */ = {
			isa = PBXFrameworksBuildPhase;
			buildActionMask = 2147483647;
			files = (
			);
			runOnlyForDeploymentPostprocessing = 0;
		};
/* End PBXFrameworksBuildPhase section */

/* Begin PBXGroup section */
		210E27212C34684B00189D83 /* CreateNewTracker */ = {
			isa = PBXGroup;
			children = (
				210E27222C34687300189D83 /* CreateTrackerViewController.swift */,
			);
			path = CreateNewTracker;
			sourceTree = "<group>";
		};
		210E27242C348DBE00189D83 /* CreateNewHabit */ = {
			isa = PBXGroup;
			children = (
				210E27252C348DFF00189D83 /* NewHabitViewController.swift */,
				210E27272C34A63700189D83 /* ScheduleViewController.swift */,
				219AB67B2C37EC3400F0B613 /* NewHabitVC.swift */,
			);
			path = CreateNewHabit;
			sourceTree = "<group>";
		};
		211C4B1E2C6CF0450022155F /* CoreData */ = {
			isa = PBXGroup;
			children = (
				218DC62B2C6F997300603787 /* CoreDataModel.xcdatamodeld */,
				211C4B1C2C6CF0450022155F /* DaysValueTransformer.swift */,
				211C4B1D2C6CF0450022155F /* UIColorMarshalling.swift */,
				211C4B242C6CF4E40022155F /* TrackerStore.swift */,
				211C4B262C6CF55F0022155F /* TrackerCategoryStore.swift */,
				211C4B282C6CF6790022155F /* TrackerRecordStore.swift */,
			);
			path = CoreData;
			sourceTree = "<group>";
		};
		218881142C2DCEEE0032D98E = {
			isa = PBXGroup;
			children = (
				218DC6572C7609BB00603787 /* TabBarViewController */,
				218DC6502C74B40000603787 /* Onboarding */,
				211C4B1E2C6CF0450022155F /* CoreData */,
				219AB67D2C37ECA000F0B613 /* Emoji & Color Cell */,
				219AB6782C36B18100F0B613 /* CreateNewIrregularEvent */,
				21EDABA02C30427C00C2CD21 /* Models */,
				210E27212C34684B00189D83 /* CreateNewTracker */,
				210E27242C348DBE00189D83 /* CreateNewHabit */,
				21EDAB582C2DFF4D00C2CD21 /* Fonts */,
				218881552C2DEC150032D98E /* StatsViewController */,
				218881542C2DEC040032D98E /* TackerViewController */,
				2188811F2C2DCEEE0032D98E /* Tracker */,
				218881392C2DCEEF0032D98E /* TrackerTests */,
				218881432C2DCEEF0032D98E /* TrackerUITests */,
				2188811E2C2DCEEE0032D98E /* Products */,
			);
			sourceTree = "<group>";
		};
		2188811E2C2DCEEE0032D98E /* Products */ = {
			isa = PBXGroup;
			children = (
				2188811D2C2DCEEE0032D98E /* Tracker.app */,
				218881362C2DCEEF0032D98E /* TrackerTests.xctest */,
				218881402C2DCEEF0032D98E /* TrackerUITests.xctest */,
			);
			name = Products;
			sourceTree = "<group>";
		};
		2188811F2C2DCEEE0032D98E /* Tracker */ = {
			isa = PBXGroup;
			children = (
				218881202C2DCEEE0032D98E /* AppDelegate.swift */,
				218881222C2DCEEE0032D98E /* SceneDelegate.swift */,
				218881242C2DCEEE0032D98E /* ViewController.swift */,
				2188812C2C2DCEEF0032D98E /* Assets.xcassets */,
				2188812E2C2DCEEF0032D98E /* LaunchScreen.storyboard */,
				218881312C2DCEEF0032D98E /* Info.plist */,
				218881292C2DCEEE0032D98E /* Tracker.xcdatamodeld */,
			);
			path = Tracker;
			sourceTree = "<group>";
		};
		218881392C2DCEEF0032D98E /* TrackerTests */ = {
			isa = PBXGroup;
			children = (
				2188813A2C2DCEEF0032D98E /* TrackerTests.swift */,
			);
			path = TrackerTests;
			sourceTree = "<group>";
		};
		218881432C2DCEEF0032D98E /* TrackerUITests */ = {
			isa = PBXGroup;
			children = (
				218881442C2DCEEF0032D98E /* TrackerUITests.swift */,
				218881462C2DCEEF0032D98E /* TrackerUITestsLaunchTests.swift */,
			);
			path = TrackerUITests;
			sourceTree = "<group>";
		};
		218881542C2DEC040032D98E /* TackerViewController */ = {
			isa = PBXGroup;
			children = (
				218881582C2DEC450032D98E /* TrackerViewController.swift */,
				21EDAB5B2C2E05EE00C2CD21 /* TrackerNavBarController.swift */,
				21FA630D2C31874600099541 /* TrackerCollectionViewCell.swift */,
				210E271F2C345AAA00189D83 /* TrackersHeaderReusableView.swift */,
			);
			path = TackerViewController;
			sourceTree = "<group>";
		};
		218881552C2DEC150032D98E /* StatsViewController */ = {
			isa = PBXGroup;
			children = (
				2188815B2C2DEC580032D98E /* StatsViewController.swift */,
			);
			path = StatsViewController;
			sourceTree = "<group>";
		};
		218DC6502C74B40000603787 /* Onboarding */ = {
			isa = PBXGroup;
			children = (
				218DC6512C74B42800603787 /* OnboardingViewController.swift */,
				218DC6532C74B49300603787 /* RedPadeViewController.swift */,
				218DC6552C74B4A300603787 /* BluePageViewController.swift */,
			);
			path = Onboarding;
			sourceTree = "<group>";
		};
		218DC6572C7609BB00603787 /* TabBarViewController */ = {
			isa = PBXGroup;
			children = (
				218DC6582C760A0400603787 /* TabBarViewController.swift */,
			);
			path = TabBarViewController;
			sourceTree = "<group>";
		};
		219AB6782C36B18100F0B613 /* CreateNewIrregularEvent */ = {
			isa = PBXGroup;
			children = (
				219AB6792C36B1CE00F0B613 /* CreateNewIrregularEventViewController.swift */,
			);
			path = CreateNewIrregularEvent;
			sourceTree = "<group>";
		};
		219AB67D2C37ECA000F0B613 /* Emoji & Color Cell */ = {
			isa = PBXGroup;
			children = (
				219AB67E2C37ECBC00F0B613 /* EmojiCell.swift */,
			);
			path = "Emoji & Color Cell";
			sourceTree = "<group>";
		};
		21EDAB582C2DFF4D00C2CD21 /* Fonts */ = {
			isa = PBXGroup;
			children = (
				21EDAB562C2DFF4D00C2CD21 /* YS Display-Bold.ttf */,
				21EDAB572C2DFF4D00C2CD21 /* YS Display-Medium.ttf */,
			);
			path = Fonts;
			sourceTree = "<group>";
		};
		21EDABA02C30427C00C2CD21 /* Models */ = {
			isa = PBXGroup;
			children = (
				21EDABA12C30428B00C2CD21 /* Tracker.swift */,
				21EDABA32C3042A700C2CD21 /* TrackerCategory.swift */,
				21EDABA52C3042B000C2CD21 /* TrackerRecord.swift */,
			);
			path = Models;
			sourceTree = "<group>";
		};
/* End PBXGroup section */

/* Begin PBXNativeTarget section */
		2188811C2C2DCEEE0032D98E /* Tracker */ = {
			isa = PBXNativeTarget;
			buildConfigurationList = 2188814A2C2DCEEF0032D98E /* Build configuration list for PBXNativeTarget "Tracker" */;
			buildPhases = (
				218881192C2DCEEE0032D98E /* Sources */,
				2188811A2C2DCEEE0032D98E /* Frameworks */,
				2188811B2C2DCEEE0032D98E /* Resources */,
			);
			buildRules = (
			);
			dependencies = (
			);
			name = Tracker;
			productName = Tracker;
			productReference = 2188811D2C2DCEEE0032D98E /* Tracker.app */;
			productType = "com.apple.product-type.application";
		};
		218881352C2DCEEF0032D98E /* TrackerTests */ = {
			isa = PBXNativeTarget;
			buildConfigurationList = 2188814D2C2DCEEF0032D98E /* Build configuration list for PBXNativeTarget "TrackerTests" */;
			buildPhases = (
				218881322C2DCEEF0032D98E /* Sources */,
				218881332C2DCEEF0032D98E /* Frameworks */,
				218881342C2DCEEF0032D98E /* Resources */,
			);
			buildRules = (
			);
			dependencies = (
				218881382C2DCEEF0032D98E /* PBXTargetDependency */,
			);
			name = TrackerTests;
			productName = TrackerTests;
			productReference = 218881362C2DCEEF0032D98E /* TrackerTests.xctest */;
			productType = "com.apple.product-type.bundle.unit-test";
		};
		2188813F2C2DCEEF0032D98E /* TrackerUITests */ = {
			isa = PBXNativeTarget;
			buildConfigurationList = 218881502C2DCEEF0032D98E /* Build configuration list for PBXNativeTarget "TrackerUITests" */;
			buildPhases = (
				2188813C2C2DCEEF0032D98E /* Sources */,
				2188813D2C2DCEEF0032D98E /* Frameworks */,
				2188813E2C2DCEEF0032D98E /* Resources */,
			);
			buildRules = (
			);
			dependencies = (
				218881422C2DCEEF0032D98E /* PBXTargetDependency */,
			);
			name = TrackerUITests;
			productName = TrackerUITests;
			productReference = 218881402C2DCEEF0032D98E /* TrackerUITests.xctest */;
			productType = "com.apple.product-type.bundle.ui-testing";
		};
/* End PBXNativeTarget section */

/* Begin PBXProject section */
		218881152C2DCEEE0032D98E /* Project object */ = {
			isa = PBXProject;
			attributes = {
				BuildIndependentTargetsInParallel = 1;
				LastSwiftUpdateCheck = 1530;
				LastUpgradeCheck = 1530;
				TargetAttributes = {
					2188811C2C2DCEEE0032D98E = {
						CreatedOnToolsVersion = 15.3;
					};
					218881352C2DCEEF0032D98E = {
						CreatedOnToolsVersion = 15.3;
						TestTargetID = 2188811C2C2DCEEE0032D98E;
					};
					2188813F2C2DCEEF0032D98E = {
						CreatedOnToolsVersion = 15.3;
						TestTargetID = 2188811C2C2DCEEE0032D98E;
					};
				};
			};
			buildConfigurationList = 218881182C2DCEEE0032D98E /* Build configuration list for PBXProject "Tracker" */;
			compatibilityVersion = "Xcode 14.0";
			developmentRegion = en;
			hasScannedForEncodings = 0;
			knownRegions = (
				en,
				Base,
			);
			mainGroup = 218881142C2DCEEE0032D98E;
			productRefGroup = 2188811E2C2DCEEE0032D98E /* Products */;
			projectDirPath = "";
			projectRoot = "";
			targets = (
				2188811C2C2DCEEE0032D98E /* Tracker */,
				218881352C2DCEEF0032D98E /* TrackerTests */,
				2188813F2C2DCEEF0032D98E /* TrackerUITests */,
			);
		};
/* End PBXProject section */

/* Begin PBXResourcesBuildPhase section */
		2188811B2C2DCEEE0032D98E /* Resources */ = {
			isa = PBXResourcesBuildPhase;
			buildActionMask = 2147483647;
			files = (
				2188812D2C2DCEEF0032D98E /* Assets.xcassets in Resources */,
				21EDAB5A2C2DFF4D00C2CD21 /* YS Display-Medium.ttf in Resources */,
				21EDAB592C2DFF4D00C2CD21 /* YS Display-Bold.ttf in Resources */,
				218881302C2DCEEF0032D98E /* Base in Resources */,
			);
			runOnlyForDeploymentPostprocessing = 0;
		};
		218881342C2DCEEF0032D98E /* Resources */ = {
			isa = PBXResourcesBuildPhase;
			buildActionMask = 2147483647;
			files = (
			);
			runOnlyForDeploymentPostprocessing = 0;
		};
		2188813E2C2DCEEF0032D98E /* Resources */ = {
			isa = PBXResourcesBuildPhase;
			buildActionMask = 2147483647;
			files = (
			);
			runOnlyForDeploymentPostprocessing = 0;
		};
/* End PBXResourcesBuildPhase section */

/* Begin PBXSourcesBuildPhase section */
		218881192C2DCEEE0032D98E /* Sources */ = {
			isa = PBXSourcesBuildPhase;
			buildActionMask = 2147483647;
			files = (
				219AB67F2C37ECBC00F0B613 /* EmojiCell.swift in Sources */,
				210E27282C34A63700189D83 /* ScheduleViewController.swift in Sources */,
				219AB67C2C37EC3400F0B613 /* NewHabitVC.swift in Sources */,
				21EDABA42C3042A700C2CD21 /* TrackerCategory.swift in Sources */,
				218DC6592C760A0400603787 /* TabBarViewController.swift in Sources */,
				218DC6542C74B49300603787 /* RedPadeViewController.swift in Sources */,
				218DC6562C74B4A300603787 /* BluePageViewController.swift in Sources */,
				219AB67A2C36B1CE00F0B613 /* CreateNewIrregularEventViewController.swift in Sources */,
				211C4B252C6CF4E40022155F /* TrackerStore.swift in Sources */,
				2188812B2C2DCEEE0032D98E /* Tracker.xcdatamodeld in Sources */,
				210E27202C345AAA00189D83 /* TrackersHeaderReusableView.swift in Sources */,
				211C4B272C6CF55F0022155F /* TrackerCategoryStore.swift in Sources */,
				218881252C2DCEEE0032D98E /* ViewController.swift in Sources */,
				21EDAB5C2C2E05EE00C2CD21 /* TrackerNavBarController.swift in Sources */,
				218881212C2DCEEE0032D98E /* AppDelegate.swift in Sources */,
				218DC6522C74B42800603787 /* OnboardingViewController.swift in Sources */,
				211C4B202C6CF0450022155F /* UIColorMarshalling.swift in Sources */,
				21FA630E2C31874600099541 /* TrackerCollectionViewCell.swift in Sources */,
				218DC62D2C6F997300603787 /* CoreDataModel.xcdatamodeld in Sources */,
				21EDABA62C3042B000C2CD21 /* TrackerRecord.swift in Sources */,
				210E27262C348DFF00189D83 /* NewHabitViewController.swift in Sources */,
				21EDABA22C30428B00C2CD21 /* Tracker.swift in Sources */,
				218881592C2DEC460032D98E /* TrackerViewController.swift in Sources */,
				211C4B292C6CF6790022155F /* TrackerRecordStore.swift in Sources */,
				211C4B1F2C6CF0450022155F /* DaysValueTransformer.swift in Sources */,
				210E27232C34687300189D83 /* CreateTrackerViewController.swift in Sources */,
				2188815C2C2DEC580032D98E /* StatsViewController.swift in Sources */,
				218881232C2DCEEE0032D98E /* SceneDelegate.swift in Sources */,
			);
			runOnlyForDeploymentPostprocessing = 0;
		};
		218881322C2DCEEF0032D98E /* Sources */ = {
			isa = PBXSourcesBuildPhase;
			buildActionMask = 2147483647;
			files = (
				2188813B2C2DCEEF0032D98E /* TrackerTests.swift in Sources */,
			);
			runOnlyForDeploymentPostprocessing = 0;
		};
		2188813C2C2DCEEF0032D98E /* Sources */ = {
			isa = PBXSourcesBuildPhase;
			buildActionMask = 2147483647;
			files = (
				218881452C2DCEEF0032D98E /* TrackerUITests.swift in Sources */,
				218881472C2DCEEF0032D98E /* TrackerUITestsLaunchTests.swift in Sources */,
			);
			runOnlyForDeploymentPostprocessing = 0;
		};
/* End PBXSourcesBuildPhase section */

/* Begin PBXTargetDependency section */
		218881382C2DCEEF0032D98E /* PBXTargetDependency */ = {
			isa = PBXTargetDependency;
			target = 2188811C2C2DCEEE0032D98E /* Tracker */;
			targetProxy = 218881372C2DCEEF0032D98E /* PBXContainerItemProxy */;
		};
		218881422C2DCEEF0032D98E /* PBXTargetDependency */ = {
			isa = PBXTargetDependency;
			target = 2188811C2C2DCEEE0032D98E /* Tracker */;
			targetProxy = 218881412C2DCEEF0032D98E /* PBXContainerItemProxy */;
		};
/* End PBXTargetDependency section */

/* Begin PBXVariantGroup section */
		2188812E2C2DCEEF0032D98E /* LaunchScreen.storyboard */ = {
			isa = PBXVariantGroup;
			children = (
				2188812F2C2DCEEF0032D98E /* Base */,
			);
			name = LaunchScreen.storyboard;
			sourceTree = "<group>";
		};
/* End PBXVariantGroup section */

/* Begin XCBuildConfiguration section */
		218881482C2DCEEF0032D98E /* Debug */ = {
			isa = XCBuildConfiguration;
			buildSettings = {
				ALWAYS_SEARCH_USER_PATHS = NO;
				ASSETCATALOG_COMPILER_GENERATE_SWIFT_ASSET_SYMBOL_EXTENSIONS = YES;
				CLANG_ANALYZER_NONNULL = YES;
				CLANG_ANALYZER_NUMBER_OBJECT_CONVERSION = YES_AGGRESSIVE;
				CLANG_CXX_LANGUAGE_STANDARD = "gnu++20";
				CLANG_ENABLE_MODULES = YES;
				CLANG_ENABLE_OBJC_ARC = YES;
				CLANG_ENABLE_OBJC_WEAK = YES;
				CLANG_WARN_BLOCK_CAPTURE_AUTORELEASING = YES;
				CLANG_WARN_BOOL_CONVERSION = YES;
				CLANG_WARN_COMMA = YES;
				CLANG_WARN_CONSTANT_CONVERSION = YES;
				CLANG_WARN_DEPRECATED_OBJC_IMPLEMENTATIONS = YES;
				CLANG_WARN_DIRECT_OBJC_ISA_USAGE = YES_ERROR;
				CLANG_WARN_DOCUMENTATION_COMMENTS = YES;
				CLANG_WARN_EMPTY_BODY = YES;
				CLANG_WARN_ENUM_CONVERSION = YES;
				CLANG_WARN_INFINITE_RECURSION = YES;
				CLANG_WARN_INT_CONVERSION = YES;
				CLANG_WARN_NON_LITERAL_NULL_CONVERSION = YES;
				CLANG_WARN_OBJC_IMPLICIT_RETAIN_SELF = YES;
				CLANG_WARN_OBJC_LITERAL_CONVERSION = YES;
				CLANG_WARN_OBJC_ROOT_CLASS = YES_ERROR;
				CLANG_WARN_QUOTED_INCLUDE_IN_FRAMEWORK_HEADER = YES;
				CLANG_WARN_RANGE_LOOP_ANALYSIS = YES;
				CLANG_WARN_STRICT_PROTOTYPES = YES;
				CLANG_WARN_SUSPICIOUS_MOVE = YES;
				CLANG_WARN_UNGUARDED_AVAILABILITY = YES_AGGRESSIVE;
				CLANG_WARN_UNREACHABLE_CODE = YES;
				CLANG_WARN__DUPLICATE_METHOD_MATCH = YES;
				COPY_PHASE_STRIP = NO;
				DEBUG_INFORMATION_FORMAT = dwarf;
				ENABLE_STRICT_OBJC_MSGSEND = YES;
				ENABLE_TESTABILITY = YES;
				ENABLE_USER_SCRIPT_SANDBOXING = YES;
				GCC_C_LANGUAGE_STANDARD = gnu17;
				GCC_DYNAMIC_NO_PIC = NO;
				GCC_NO_COMMON_BLOCKS = YES;
				GCC_OPTIMIZATION_LEVEL = 0;
				GCC_PREPROCESSOR_DEFINITIONS = (
					"DEBUG=1",
					"$(inherited)",
				);
				GCC_WARN_64_TO_32_BIT_CONVERSION = YES;
				GCC_WARN_ABOUT_RETURN_TYPE = YES_ERROR;
				GCC_WARN_UNDECLARED_SELECTOR = YES;
				GCC_WARN_UNINITIALIZED_AUTOS = YES_AGGRESSIVE;
				GCC_WARN_UNUSED_FUNCTION = YES;
				GCC_WARN_UNUSED_VARIABLE = YES;
				IPHONEOS_DEPLOYMENT_TARGET = 13.4;
				LOCALIZATION_PREFERS_STRING_CATALOGS = YES;
				MTL_ENABLE_DEBUG_INFO = INCLUDE_SOURCE;
				MTL_FAST_MATH = YES;
				ONLY_ACTIVE_ARCH = YES;
				SDKROOT = iphoneos;
				SWIFT_ACTIVE_COMPILATION_CONDITIONS = "DEBUG $(inherited)";
				SWIFT_OPTIMIZATION_LEVEL = "-Onone";
			};
			name = Debug;
		};
		218881492C2DCEEF0032D98E /* Release */ = {
			isa = XCBuildConfiguration;
			buildSettings = {
				ALWAYS_SEARCH_USER_PATHS = NO;
				ASSETCATALOG_COMPILER_GENERATE_SWIFT_ASSET_SYMBOL_EXTENSIONS = YES;
				CLANG_ANALYZER_NONNULL = YES;
				CLANG_ANALYZER_NUMBER_OBJECT_CONVERSION = YES_AGGRESSIVE;
				CLANG_CXX_LANGUAGE_STANDARD = "gnu++20";
				CLANG_ENABLE_MODULES = YES;
				CLANG_ENABLE_OBJC_ARC = YES;
				CLANG_ENABLE_OBJC_WEAK = YES;
				CLANG_WARN_BLOCK_CAPTURE_AUTORELEASING = YES;
				CLANG_WARN_BOOL_CONVERSION = YES;
				CLANG_WARN_COMMA = YES;
				CLANG_WARN_CONSTANT_CONVERSION = YES;
				CLANG_WARN_DEPRECATED_OBJC_IMPLEMENTATIONS = YES;
				CLANG_WARN_DIRECT_OBJC_ISA_USAGE = YES_ERROR;
				CLANG_WARN_DOCUMENTATION_COMMENTS = YES;
				CLANG_WARN_EMPTY_BODY = YES;
				CLANG_WARN_ENUM_CONVERSION = YES;
				CLANG_WARN_INFINITE_RECURSION = YES;
				CLANG_WARN_INT_CONVERSION = YES;
				CLANG_WARN_NON_LITERAL_NULL_CONVERSION = YES;
				CLANG_WARN_OBJC_IMPLICIT_RETAIN_SELF = YES;
				CLANG_WARN_OBJC_LITERAL_CONVERSION = YES;
				CLANG_WARN_OBJC_ROOT_CLASS = YES_ERROR;
				CLANG_WARN_QUOTED_INCLUDE_IN_FRAMEWORK_HEADER = YES;
				CLANG_WARN_RANGE_LOOP_ANALYSIS = YES;
				CLANG_WARN_STRICT_PROTOTYPES = YES;
				CLANG_WARN_SUSPICIOUS_MOVE = YES;
				CLANG_WARN_UNGUARDED_AVAILABILITY = YES_AGGRESSIVE;
				CLANG_WARN_UNREACHABLE_CODE = YES;
				CLANG_WARN__DUPLICATE_METHOD_MATCH = YES;
				COPY_PHASE_STRIP = NO;
				DEBUG_INFORMATION_FORMAT = "dwarf-with-dsym";
				ENABLE_NS_ASSERTIONS = NO;
				ENABLE_STRICT_OBJC_MSGSEND = YES;
				ENABLE_USER_SCRIPT_SANDBOXING = YES;
				GCC_C_LANGUAGE_STANDARD = gnu17;
				GCC_NO_COMMON_BLOCKS = YES;
				GCC_WARN_64_TO_32_BIT_CONVERSION = YES;
				GCC_WARN_ABOUT_RETURN_TYPE = YES_ERROR;
				GCC_WARN_UNDECLARED_SELECTOR = YES;
				GCC_WARN_UNINITIALIZED_AUTOS = YES_AGGRESSIVE;
				GCC_WARN_UNUSED_FUNCTION = YES;
				GCC_WARN_UNUSED_VARIABLE = YES;
				IPHONEOS_DEPLOYMENT_TARGET = 13.4;
				LOCALIZATION_PREFERS_STRING_CATALOGS = YES;
				MTL_ENABLE_DEBUG_INFO = NO;
				MTL_FAST_MATH = YES;
				SDKROOT = iphoneos;
				SWIFT_COMPILATION_MODE = wholemodule;
				VALIDATE_PRODUCT = YES;
			};
			name = Release;
		};
		2188814B2C2DCEEF0032D98E /* Debug */ = {
			isa = XCBuildConfiguration;
			buildSettings = {
				ASSETCATALOG_COMPILER_APPICON_NAME = AppIcon;
				ASSETCATALOG_COMPILER_GLOBAL_ACCENT_COLOR_NAME = AccentColor;
				CODE_SIGN_STYLE = Automatic;
				CURRENT_PROJECT_VERSION = 1;
				DEVELOPMENT_TEAM = P87WDJBUA5;
				GENERATE_INFOPLIST_FILE = YES;
				INFOPLIST_FILE = Tracker/Info.plist;
				INFOPLIST_KEY_UIApplicationSupportsIndirectInputEvents = YES;
				INFOPLIST_KEY_UILaunchStoryboardName = LaunchScreen;
				INFOPLIST_KEY_UISupportedInterfaceOrientations = UIInterfaceOrientationPortrait;
				INFOPLIST_KEY_UISupportedInterfaceOrientations_iPad = "UIInterfaceOrientationLandscapeLeft UIInterfaceOrientationLandscapeRight UIInterfaceOrientationPortrait UIInterfaceOrientationPortraitUpsideDown";
				IPHONEOS_DEPLOYMENT_TARGET = 13.4;
				LD_RUNPATH_SEARCH_PATHS = (
					"$(inherited)",
					"@executable_path/Frameworks",
				);
				MARKETING_VERSION = 1.0;
				PRODUCT_BUNDLE_IDENTIFIER = ru.usvladis.Tracker;
				PRODUCT_NAME = "$(TARGET_NAME)";
				SUPPORTED_PLATFORMS = "iphoneos iphonesimulator";
				SUPPORTS_MACCATALYST = NO;
				SUPPORTS_MAC_DESIGNED_FOR_IPHONE_IPAD = NO;
				SUPPORTS_XR_DESIGNED_FOR_IPHONE_IPAD = NO;
				SWIFT_EMIT_LOC_STRINGS = YES;
				SWIFT_VERSION = 5.0;
				TARGETED_DEVICE_FAMILY = 1;
			};
			name = Debug;
		};
		2188814C2C2DCEEF0032D98E /* Release */ = {
			isa = XCBuildConfiguration;
			buildSettings = {
				ASSETCATALOG_COMPILER_APPICON_NAME = AppIcon;
				ASSETCATALOG_COMPILER_GLOBAL_ACCENT_COLOR_NAME = AccentColor;
				CODE_SIGN_STYLE = Automatic;
				CURRENT_PROJECT_VERSION = 1;
				DEVELOPMENT_TEAM = P87WDJBUA5;
				GENERATE_INFOPLIST_FILE = YES;
				INFOPLIST_FILE = Tracker/Info.plist;
				INFOPLIST_KEY_UIApplicationSupportsIndirectInputEvents = YES;
				INFOPLIST_KEY_UILaunchStoryboardName = LaunchScreen;
				INFOPLIST_KEY_UISupportedInterfaceOrientations = UIInterfaceOrientationPortrait;
				INFOPLIST_KEY_UISupportedInterfaceOrientations_iPad = "UIInterfaceOrientationLandscapeLeft UIInterfaceOrientationLandscapeRight UIInterfaceOrientationPortrait UIInterfaceOrientationPortraitUpsideDown";
				IPHONEOS_DEPLOYMENT_TARGET = 13.4;
				LD_RUNPATH_SEARCH_PATHS = (
					"$(inherited)",
					"@executable_path/Frameworks",
				);
				MARKETING_VERSION = 1.0;
				PRODUCT_BUNDLE_IDENTIFIER = ru.usvladis.Tracker;
				PRODUCT_NAME = "$(TARGET_NAME)";
				SUPPORTED_PLATFORMS = "iphoneos iphonesimulator";
				SUPPORTS_MACCATALYST = NO;
				SUPPORTS_MAC_DESIGNED_FOR_IPHONE_IPAD = NO;
				SUPPORTS_XR_DESIGNED_FOR_IPHONE_IPAD = NO;
				SWIFT_EMIT_LOC_STRINGS = YES;
				SWIFT_VERSION = 5.0;
				TARGETED_DEVICE_FAMILY = 1;
			};
			name = Release;
		};
		2188814E2C2DCEEF0032D98E /* Debug */ = {
			isa = XCBuildConfiguration;
			buildSettings = {
				ALWAYS_EMBED_SWIFT_STANDARD_LIBRARIES = YES;
				BUNDLE_LOADER = "$(TEST_HOST)";
				CODE_SIGN_STYLE = Automatic;
				CURRENT_PROJECT_VERSION = 1;
				DEVELOPMENT_TEAM = P87WDJBUA5;
				GENERATE_INFOPLIST_FILE = YES;
				IPHONEOS_DEPLOYMENT_TARGET = 17.4;
				MARKETING_VERSION = 1.0;
				PRODUCT_BUNDLE_IDENTIFIER = ru.usvladis.TrackerTests;
				PRODUCT_NAME = "$(TARGET_NAME)";
				SWIFT_EMIT_LOC_STRINGS = NO;
				SWIFT_VERSION = 5.0;
				TARGETED_DEVICE_FAMILY = "1,2";
				TEST_HOST = "$(BUILT_PRODUCTS_DIR)/Tracker.app/$(BUNDLE_EXECUTABLE_FOLDER_PATH)/Tracker";
			};
			name = Debug;
		};
		2188814F2C2DCEEF0032D98E /* Release */ = {
			isa = XCBuildConfiguration;
			buildSettings = {
				ALWAYS_EMBED_SWIFT_STANDARD_LIBRARIES = YES;
				BUNDLE_LOADER = "$(TEST_HOST)";
				CODE_SIGN_STYLE = Automatic;
				CURRENT_PROJECT_VERSION = 1;
				DEVELOPMENT_TEAM = P87WDJBUA5;
				GENERATE_INFOPLIST_FILE = YES;
				IPHONEOS_DEPLOYMENT_TARGET = 17.4;
				MARKETING_VERSION = 1.0;
				PRODUCT_BUNDLE_IDENTIFIER = ru.usvladis.TrackerTests;
				PRODUCT_NAME = "$(TARGET_NAME)";
				SWIFT_EMIT_LOC_STRINGS = NO;
				SWIFT_VERSION = 5.0;
				TARGETED_DEVICE_FAMILY = "1,2";
				TEST_HOST = "$(BUILT_PRODUCTS_DIR)/Tracker.app/$(BUNDLE_EXECUTABLE_FOLDER_PATH)/Tracker";
			};
			name = Release;
		};
		218881512C2DCEEF0032D98E /* Debug */ = {
			isa = XCBuildConfiguration;
			buildSettings = {
				ALWAYS_EMBED_SWIFT_STANDARD_LIBRARIES = YES;
				CODE_SIGN_STYLE = Automatic;
				CURRENT_PROJECT_VERSION = 1;
				DEVELOPMENT_TEAM = P87WDJBUA5;
				GENERATE_INFOPLIST_FILE = YES;
				MARKETING_VERSION = 1.0;
				PRODUCT_BUNDLE_IDENTIFIER = ru.usvladis.TrackerUITests;
				PRODUCT_NAME = "$(TARGET_NAME)";
				SWIFT_EMIT_LOC_STRINGS = NO;
				SWIFT_VERSION = 5.0;
				TARGETED_DEVICE_FAMILY = "1,2";
				TEST_TARGET_NAME = Tracker;
			};
			name = Debug;
		};
		218881522C2DCEEF0032D98E /* Release */ = {
			isa = XCBuildConfiguration;
			buildSettings = {
				ALWAYS_EMBED_SWIFT_STANDARD_LIBRARIES = YES;
				CODE_SIGN_STYLE = Automatic;
				CURRENT_PROJECT_VERSION = 1;
				DEVELOPMENT_TEAM = P87WDJBUA5;
				GENERATE_INFOPLIST_FILE = YES;
				MARKETING_VERSION = 1.0;
				PRODUCT_BUNDLE_IDENTIFIER = ru.usvladis.TrackerUITests;
				PRODUCT_NAME = "$(TARGET_NAME)";
				SWIFT_EMIT_LOC_STRINGS = NO;
				SWIFT_VERSION = 5.0;
				TARGETED_DEVICE_FAMILY = "1,2";
				TEST_TARGET_NAME = Tracker;
			};
			name = Release;
		};
/* End XCBuildConfiguration section */

/* Begin XCConfigurationList section */
		218881182C2DCEEE0032D98E /* Build configuration list for PBXProject "Tracker" */ = {
			isa = XCConfigurationList;
			buildConfigurations = (
				218881482C2DCEEF0032D98E /* Debug */,
				218881492C2DCEEF0032D98E /* Release */,
			);
			defaultConfigurationIsVisible = 0;
			defaultConfigurationName = Release;
		};
		2188814A2C2DCEEF0032D98E /* Build configuration list for PBXNativeTarget "Tracker" */ = {
			isa = XCConfigurationList;
			buildConfigurations = (
				2188814B2C2DCEEF0032D98E /* Debug */,
				2188814C2C2DCEEF0032D98E /* Release */,
			);
			defaultConfigurationIsVisible = 0;
			defaultConfigurationName = Release;
		};
		2188814D2C2DCEEF0032D98E /* Build configuration list for PBXNativeTarget "TrackerTests" */ = {
			isa = XCConfigurationList;
			buildConfigurations = (
				2188814E2C2DCEEF0032D98E /* Debug */,
				2188814F2C2DCEEF0032D98E /* Release */,
			);
			defaultConfigurationIsVisible = 0;
			defaultConfigurationName = Release;
		};
		218881502C2DCEEF0032D98E /* Build configuration list for PBXNativeTarget "TrackerUITests" */ = {
			isa = XCConfigurationList;
			buildConfigurations = (
				218881512C2DCEEF0032D98E /* Debug */,
				218881522C2DCEEF0032D98E /* Release */,
			);
			defaultConfigurationIsVisible = 0;
			defaultConfigurationName = Release;
		};
/* End XCConfigurationList section */

/* Begin XCVersionGroup section */
		218881292C2DCEEE0032D98E /* Tracker.xcdatamodeld */ = {
			isa = XCVersionGroup;
			children = (
				2188812A2C2DCEEE0032D98E /* Tracker.xcdatamodel */,
			);
			currentVersion = 2188812A2C2DCEEE0032D98E /* Tracker.xcdatamodel */;
			path = Tracker.xcdatamodeld;
			sourceTree = "<group>";
			versionGroupType = wrapper.xcdatamodel;
		};
		218DC62B2C6F997300603787 /* CoreDataModel.xcdatamodeld */ = {
			isa = XCVersionGroup;
			children = (
				218DC62C2C6F997300603787 /* CoreDataModel.xcdatamodel */,
			);
			currentVersion = 218DC62C2C6F997300603787 /* CoreDataModel.xcdatamodel */;
			path = CoreDataModel.xcdatamodeld;
			sourceTree = "<group>";
			versionGroupType = wrapper.xcdatamodel;
		};
/* End XCVersionGroup section */
	};
	rootObject = 218881152C2DCEEE0032D98E /* Project object */;
}
